
Microsoft Visual Studio Solution File, Format Version 12.00
# Visual Studio Version 16
VisualStudioVersion = 16.0.808.5
MinimumVisualStudioVersion = 10.0.40219.1
Project("{FAE04EC0-301F-11D3-BF4B-00C04F79EFBC}") = "BakeryShoppingCart", "BakeryShoppingCart\BakeryShoppingCart.csproj", "{94F7B3A4-3DA3-47F4-91E0-637BB33B68D2}"
EndProject
Global
	GlobalSection(SolutionConfigurationPlatforms) = preSolution
		Debug|Any CPU = Debug|Any CPU
		Release|Any CPU = Release|Any CPU
	EndGlobalSection
	GlobalSection(ProjectConfigurationPlatforms) = postSolution
		{94F7B3A4-3DA3-47F4-91E0-637BB33B68D2}.Debug|Any CPU.ActiveCfg = Debug|Any CPU
		{94F7B3A4-3DA3-47F4-91E0-637BB33B68D2}.Debug|Any CPU.Build.0 = Debug|Any CPU
		{94F7B3A4-3DA3-47F4-91E0-637BB33B68D2}.Release|Any CPU.ActiveCfg = Release|Any CPU
		{94F7B3A4-3DA3-47F4-91E0-637BB33B68D2}.Release|Any CPU.Build.0 = Release|Any CPU
	EndGlobalSection
	GlobalSection(SolutionProperties) = preSolution
		HideSolutionNode = FALSE
	EndGlobalSection
	GlobalSection(ExtensibilityGlobals) = postSolution
		SolutionGuid = {B85C27C5-66B3-470E-B0D7-AADB5FA476C2}
	EndGlobalSection
EndGlobal
